
Microsoft Visual Studio Solution File, Format Version 12.00
# Visual Studio 14
VisualStudioVersion = 14.0.25420.1
MinimumVisualStudioVersion = 10.0.40219.1
Project("{FAE04EC0-301F-11D3-BF4B-00C04F79EFBC}") = "Wyszukiwarka_publikacji_v0.2", "Wyszukiwarka_publikacji_v0.2\Wyszukiwarka_publikacji_v0.2.csproj", "{4AE164A2-E54F-48F6-87DA-A3E00920FDB3}"
EndProject
Project("{2150E333-8FDC-42A3-9474-1A3956D46DE8}") = "Solution Items", "Solution Items", "{0D9A64E4-47D1-4C92-A5D8-1F341727B2F2}"
	ProjectSection(SolutionItems) = preProject
		Clean database.sql = Clean database.sql
		SQL_Term_Vocabulary_Query.sql = SQL_Term_Vocabulary_Query.sql
		SQLQuery1.sql = SQLQuery1.sql
		Truncate_AuthorTable.sql = Truncate_AuthorTable.sql
	EndProjectSection
EndProject
Global
	GlobalSection(SolutionConfigurationPlatforms) = preSolution
		Debug|Any CPU = Debug|Any CPU
		Debug|x64 = Debug|x64
		Release|Any CPU = Release|Any CPU
		Release|x64 = Release|x64
	EndGlobalSection
	GlobalSection(ProjectConfigurationPlatforms) = postSolution
		{4AE164A2-E54F-48F6-87DA-A3E00920FDB3}.Debug|Any CPU.ActiveCfg = Debug|Any CPU
		{4AE164A2-E54F-48F6-87DA-A3E00920FDB3}.Debug|Any CPU.Build.0 = Debug|Any CPU
		{4AE164A2-E54F-48F6-87DA-A3E00920FDB3}.Debug|x64.ActiveCfg = Debug|x64
		{4AE164A2-E54F-48F6-87DA-A3E00920FDB3}.Debug|x64.Build.0 = Debug|x64
		{4AE164A2-E54F-48F6-87DA-A3E00920FDB3}.Release|Any CPU.ActiveCfg = Release|Any CPU
		{4AE164A2-E54F-48F6-87DA-A3E00920FDB3}.Release|Any CPU.Build.0 = Release|Any CPU
		{4AE164A2-E54F-48F6-87DA-A3E00920FDB3}.Release|x64.ActiveCfg = Release|x64
		{4AE164A2-E54F-48F6-87DA-A3E00920FDB3}.Release|x64.Build.0 = Release|x64
	EndGlobalSection
	GlobalSection(SolutionProperties) = preSolution
		HideSolutionNode = FALSE
	EndGlobalSection
EndGlobal
